
Microsoft Visual Studio Solution File, Format Version 12.00
# Visual Studio Version 17
VisualStudioVersion = 17.7.34024.191
MinimumVisualStudioVersion = 10.0.40219.1
Project("{FAE04EC0-301F-11D3-BF4B-00C04F79EFBC}") = "PZ_01", "PZ_01\PZ_01.csproj", "{B66EF800-52BD-4B1E-A5EB-145996CCB3B3}"
EndProject
Project("{FAE04EC0-301F-11D3-BF4B-00C04F79EFBC}") = "PZ_02", "PZ_02\PZ_02.csproj", "{79CD7536-FB0C-4D6E-96AE-D5EB31926659}"
EndProject
Project("{FAE04EC0-301F-11D3-BF4B-00C04F79EFBC}") = "PZ_03", "PZ_03\PZ_03.csproj", "{090D045B-8E8E-43CB-AA19-43F9D08B1064}"
EndProject
Project("{FAE04EC0-301F-11D3-BF4B-00C04F79EFBC}") = "PZ_04", "PZ_04\PZ_04.csproj", "{631711F2-B581-4077-AEB7-7CB5FE88DAB4}"
EndProject
Project("{FAE04EC0-301F-11D3-BF4B-00C04F79EFBC}") = "PZ_05", "PZ_05\PZ_05.csproj", "{ADCC7631-78C6-434F-B3BA-BF7F8D2EAF27}"
EndProject
Project("{FAE04EC0-301F-11D3-BF4B-00C04F79EFBC}") = "PZ_06", "PZ_06\PZ_06.csproj", "{08AD6E60-F24F-4B7E-ADE5-522F2D0334FF}"
EndProject
Project("{FAE04EC0-301F-11D3-BF4B-00C04F79EFBC}") = "PZ_07", "PZ_07\PZ_07.csproj", "{77A28CEE-A2EF-49D7-AF61-9F1BBDB5FFC6}"
EndProject
Project("{FAE04EC0-301F-11D3-BF4B-00C04F79EFBC}") = "PZ_08", "PZ_08\PZ_08.csproj", "{DA003B49-5DD6-4E43-B209-A5EA637FBA3B}"
EndProject
Project("{9A19103F-16F7-4668-BE54-9A1E7A4F7556}") = "PZ_09", "D:\Учеба\Основы программирования\PZ_09\PZ_09.csproj", "{C48062E0-8331-4A0F-9388-05FE60E0CA65}"
EndProject
Project("{9A19103F-16F7-4668-BE54-9A1E7A4F7556}") = "PZ_10", "PZ_10\PZ_10.csproj", "{07ABE149-3769-4798-8D1B-7F8047684BC8}"
EndProject
Project("{9A19103F-16F7-4668-BE54-9A1E7A4F7556}") = "PZ_11", "PZ_11\PZ_11.csproj", "{686AC6D2-EFD5-4F8D-877B-FA19F3DEE44B}"
EndProject
Project("{9A19103F-16F7-4668-BE54-9A1E7A4F7556}") = "PZ_12", "PZ_12\PZ_12.csproj", "{BB996958-8BF0-4924-B5FB-9EBA62D1B885}"
EndProject
Project("{9A19103F-16F7-4668-BE54-9A1E7A4F7556}") = "PZ_13", "PZ_13\PZ_13.csproj", "{108B4849-9213-4BAF-BDBA-0DE67D510B12}"
EndProject
Project("{9A19103F-16F7-4668-BE54-9A1E7A4F7556}") = "PZ_14", "PZ_14\PZ_14.csproj", "{829AF3E4-E677-4ACE-B3BF-264F716DB628}"
EndProject
Project("{FAE04EC0-301F-11D3-BF4B-00C04F79EFBC}") = "PZ_15", "PZ_15\PZ_15.csproj", "{EA2D3F99-5320-44CC-ADBE-9022D21AE3D6}"
EndProject
Global
	GlobalSection(SolutionConfigurationPlatforms) = preSolution
		Debug|Any CPU = Debug|Any CPU
		Release|Any CPU = Release|Any CPU
	EndGlobalSection
	GlobalSection(ProjectConfigurationPlatforms) = postSolution
		{B66EF800-52BD-4B1E-A5EB-145996CCB3B3}.Debug|Any CPU.ActiveCfg = Debug|Any CPU
		{B66EF800-52BD-4B1E-A5EB-145996CCB3B3}.Debug|Any CPU.Build.0 = Debug|Any CPU
		{B66EF800-52BD-4B1E-A5EB-145996CCB3B3}.Release|Any CPU.ActiveCfg = Release|Any CPU
		{B66EF800-52BD-4B1E-A5EB-145996CCB3B3}.Release|Any CPU.Build.0 = Release|Any CPU
		{79CD7536-FB0C-4D6E-96AE-D5EB31926659}.Debug|Any CPU.ActiveCfg = Debug|Any CPU
		{79CD7536-FB0C-4D6E-96AE-D5EB31926659}.Debug|Any CPU.Build.0 = Debug|Any CPU
		{79CD7536-FB0C-4D6E-96AE-D5EB31926659}.Release|Any CPU.ActiveCfg = Release|Any CPU
		{79CD7536-FB0C-4D6E-96AE-D5EB31926659}.Release|Any CPU.Build.0 = Release|Any CPU
		{090D045B-8E8E-43CB-AA19-43F9D08B1064}.Debug|Any CPU.ActiveCfg = Debug|Any CPU
		{090D045B-8E8E-43CB-AA19-43F9D08B1064}.Debug|Any CPU.Build.0 = Debug|Any CPU
		{090D045B-8E8E-43CB-AA19-43F9D08B1064}.Release|Any CPU.ActiveCfg = Release|Any CPU
		{090D045B-8E8E-43CB-AA19-43F9D08B1064}.Release|Any CPU.Build.0 = Release|Any CPU
		{631711F2-B581-4077-AEB7-7CB5FE88DAB4}.Debug|Any CPU.ActiveCfg = Debug|Any CPU
		{631711F2-B581-4077-AEB7-7CB5FE88DAB4}.Debug|Any CPU.Build.0 = Debug|Any CPU
		{631711F2-B581-4077-AEB7-7CB5FE88DAB4}.Release|Any CPU.ActiveCfg = Release|Any CPU
		{631711F2-B581-4077-AEB7-7CB5FE88DAB4}.Release|Any CPU.Build.0 = Release|Any CPU
		{ADCC7631-78C6-434F-B3BA-BF7F8D2EAF27}.Debug|Any CPU.ActiveCfg = Debug|Any CPU
		{ADCC7631-78C6-434F-B3BA-BF7F8D2EAF27}.Debug|Any CPU.Build.0 = Debug|Any CPU
		{ADCC7631-78C6-434F-B3BA-BF7F8D2EAF27}.Release|Any CPU.ActiveCfg = Release|Any CPU
		{ADCC7631-78C6-434F-B3BA-BF7F8D2EAF27}.Release|Any CPU.Build.0 = Release|Any CPU
		{08AD6E60-F24F-4B7E-ADE5-522F2D0334FF}.Debug|Any CPU.ActiveCfg = Debug|Any CPU
		{08AD6E60-F24F-4B7E-ADE5-522F2D0334FF}.Debug|Any CPU.Build.0 = Debug|Any CPU
		{08AD6E60-F24F-4B7E-ADE5-522F2D0334FF}.Release|Any CPU.ActiveCfg = Release|Any CPU
		{08AD6E60-F24F-4B7E-ADE5-522F2D0334FF}.Release|Any CPU.Build.0 = Release|Any CPU
		{77A28CEE-A2EF-49D7-AF61-9F1BBDB5FFC6}.Debug|Any CPU.ActiveCfg = Debug|Any CPU
		{77A28CEE-A2EF-49D7-AF61-9F1BBDB5FFC6}.Debug|Any CPU.Build.0 = Debug|Any CPU
		{77A28CEE-A2EF-49D7-AF61-9F1BBDB5FFC6}.Release|Any CPU.ActiveCfg = Release|Any CPU
		{77A28CEE-A2EF-49D7-AF61-9F1BBDB5FFC6}.Release|Any CPU.Build.0 = Release|Any CPU
		{DA003B49-5DD6-4E43-B209-A5EA637FBA3B}.Debug|Any CPU.ActiveCfg = Debug|Any CPU
		{DA003B49-5DD6-4E43-B209-A5EA637FBA3B}.Debug|Any CPU.Build.0 = Debug|Any CPU
		{DA003B49-5DD6-4E43-B209-A5EA637FBA3B}.Release|Any CPU.ActiveCfg = Release|Any CPU
		{DA003B49-5DD6-4E43-B209-A5EA637FBA3B}.Release|Any CPU.Build.0 = Release|Any CPU
		{C48062E0-8331-4A0F-9388-05FE60E0CA65}.Debug|Any CPU.ActiveCfg = Debug|Any CPU
		{C48062E0-8331-4A0F-9388-05FE60E0CA65}.Debug|Any CPU.Build.0 = Debug|Any CPU
		{C48062E0-8331-4A0F-9388-05FE60E0CA65}.Release|Any CPU.ActiveCfg = Release|Any CPU
		{C48062E0-8331-4A0F-9388-05FE60E0CA65}.Release|Any CPU.Build.0 = Release|Any CPU
		{07ABE149-3769-4798-8D1B-7F8047684BC8}.Debug|Any CPU.ActiveCfg = Debug|Any CPU
		{07ABE149-3769-4798-8D1B-7F8047684BC8}.Debug|Any CPU.Build.0 = Debug|Any CPU
		{07ABE149-3769-4798-8D1B-7F8047684BC8}.Release|Any CPU.ActiveCfg = Release|Any CPU
		{07ABE149-3769-4798-8D1B-7F8047684BC8}.Release|Any CPU.Build.0 = Release|Any CPU
		{686AC6D2-EFD5-4F8D-877B-FA19F3DEE44B}.Debug|Any CPU.ActiveCfg = Debug|Any CPU
		{686AC6D2-EFD5-4F8D-877B-FA19F3DEE44B}.Debug|Any CPU.Build.0 = Debug|Any CPU
		{686AC6D2-EFD5-4F8D-877B-FA19F3DEE44B}.Release|Any CPU.ActiveCfg = Release|Any CPU
		{686AC6D2-EFD5-4F8D-877B-FA19F3DEE44B}.Release|Any CPU.Build.0 = Release|Any CPU
		{BB996958-8BF0-4924-B5FB-9EBA62D1B885}.Debug|Any CPU.ActiveCfg = Debug|Any CPU
		{BB996958-8BF0-4924-B5FB-9EBA62D1B885}.Debug|Any CPU.Build.0 = Debug|Any CPU
		{BB996958-8BF0-4924-B5FB-9EBA62D1B885}.Release|Any CPU.ActiveCfg = Release|Any CPU
		{BB996958-8BF0-4924-B5FB-9EBA62D1B885}.Release|Any CPU.Build.0 = Release|Any CPU
		{108B4849-9213-4BAF-BDBA-0DE67D510B12}.Debug|Any CPU.ActiveCfg = Debug|Any CPU
		{108B4849-9213-4BAF-BDBA-0DE67D510B12}.Debug|Any CPU.Build.0 = Debug|Any CPU
		{108B4849-9213-4BAF-BDBA-0DE67D510B12}.Release|Any CPU.ActiveCfg = Release|Any CPU
		{108B4849-9213-4BAF-BDBA-0DE67D510B12}.Release|Any CPU.Build.0 = Release|Any CPU
		{829AF3E4-E677-4ACE-B3BF-264F716DB628}.Debug|Any CPU.ActiveCfg = Debug|Any CPU
		{829AF3E4-E677-4ACE-B3BF-264F716DB628}.Debug|Any CPU.Build.0 = Debug|Any CPU
		{829AF3E4-E677-4ACE-B3BF-264F716DB628}.Release|Any CPU.ActiveCfg = Release|Any CPU
		{829AF3E4-E677-4ACE-B3BF-264F716DB628}.Release|Any CPU.Build.0 = Release|Any CPU
		{EA2D3F99-5320-44CC-ADBE-9022D21AE3D6}.Debug|Any CPU.ActiveCfg = Debug|Any CPU
		{EA2D3F99-5320-44CC-ADBE-9022D21AE3D6}.Debug|Any CPU.Build.0 = Debug|Any CPU
		{EA2D3F99-5320-44CC-ADBE-9022D21AE3D6}.Release|Any CPU.ActiveCfg = Release|Any CPU
		{EA2D3F99-5320-44CC-ADBE-9022D21AE3D6}.Release|Any CPU.Build.0 = Release|Any CPU
	EndGlobalSection
	GlobalSection(SolutionProperties) = preSolution
		HideSolutionNode = FALSE
	EndGlobalSection
	GlobalSection(ExtensibilityGlobals) = postSolution
		SolutionGuid = {778D51E1-0D06-4637-9203-5C0349F17C94}
	EndGlobalSection
EndGlobal
